// !$*UTF8*$!
{
	archiveVersion = 1;
	classes = {
	};
	objectVersion = 50;
	objects = {

/* Begin PBXBuildFile section */
		B5B4E5F625446B5E00B7BA85 /* openpifpafiosApp.swift in Sources */ = {isa = PBXBuildFile; fileRef = B5B4E5F525446B5E00B7BA85 /* openpifpafiosApp.swift */; };
		B5B4E5F825446B5E00B7BA85 /* ContentView.swift in Sources */ = {isa = PBXBuildFile; fileRef = B5B4E5F725446B5E00B7BA85 /* ContentView.swift */; };
		B5B4E5FA25446B5E00B7BA85 /* Assets.xcassets in Resources */ = {isa = PBXBuildFile; fileRef = B5B4E5F925446B5E00B7BA85 /* Assets.xcassets */; };
		B5B4E5FD25446B5E00B7BA85 /* Preview Assets.xcassets in Resources */ = {isa = PBXBuildFile; fileRef = B5B4E5FC25446B5E00B7BA85 /* Preview Assets.xcassets */; };
		B5B4E60825446B5F00B7BA85 /* openpifpafiosTests.swift in Sources */ = {isa = PBXBuildFile; fileRef = B5B4E60725446B5F00B7BA85 /* openpifpafiosTests.swift */; };
		B5B4E61325446B5F00B7BA85 /* openpifpafiosUITests.swift in Sources */ = {isa = PBXBuildFile; fileRef = B5B4E61225446B5F00B7BA85 /* openpifpafiosUITests.swift */; };
		B5B4E6522544DC0000B7BA85 /* CameraViewController.swift in Sources */ = {isa = PBXBuildFile; fileRef = B5B4E6512544DC0000B7BA85 /* CameraViewController.swift */; };
/* End PBXBuildFile section */

/* Begin PBXContainerItemProxy section */
		B5B4E60425446B5F00B7BA85 /* PBXContainerItemProxy */ = {
			isa = PBXContainerItemProxy;
			containerPortal = B5B4E5EA25446B5E00B7BA85 /* Project object */;
			proxyType = 1;
			remoteGlobalIDString = B5B4E5F125446B5E00B7BA85;
			remoteInfo = openpifpafios;
		};
		B5B4E60F25446B5F00B7BA85 /* PBXContainerItemProxy */ = {
			isa = PBXContainerItemProxy;
			containerPortal = B5B4E5EA25446B5E00B7BA85 /* Project object */;
			proxyType = 1;
			remoteGlobalIDString = B5B4E5F125446B5E00B7BA85;
			remoteInfo = openpifpafios;
		};
/* End PBXContainerItemProxy section */

/* Begin PBXFileReference section */
		B5B4E5F225446B5E00B7BA85 /* openpifpafios.app */ = {isa = PBXFileReference; explicitFileType = wrapper.application; includeInIndex = 0; path = openpifpafios.app; sourceTree = BUILT_PRODUCTS_DIR; };
		B5B4E5F525446B5E00B7BA85 /* openpifpafiosApp.swift */ = {isa = PBXFileReference; lastKnownFileType = sourcecode.swift; path = openpifpafiosApp.swift; sourceTree = "<group>"; };
		B5B4E5F725446B5E00B7BA85 /* ContentView.swift */ = {isa = PBXFileReference; lastKnownFileType = sourcecode.swift; path = ContentView.swift; sourceTree = "<group>"; };
		B5B4E5F925446B5E00B7BA85 /* Assets.xcassets */ = {isa = PBXFileReference; lastKnownFileType = folder.assetcatalog; path = Assets.xcassets; sourceTree = "<group>"; };
		B5B4E5FC25446B5E00B7BA85 /* Preview Assets.xcassets */ = {isa = PBXFileReference; lastKnownFileType = folder.assetcatalog; path = "Preview Assets.xcassets"; sourceTree = "<group>"; };
		B5B4E5FE25446B5E00B7BA85 /* Info.plist */ = {isa = PBXFileReference; lastKnownFileType = text.plist.xml; path = Info.plist; sourceTree = "<group>"; };
		B5B4E60325446B5F00B7BA85 /* openpifpafiosTests.xctest */ = {isa = PBXFileReference; explicitFileType = wrapper.cfbundle; includeInIndex = 0; path = openpifpafiosTests.xctest; sourceTree = BUILT_PRODUCTS_DIR; };
		B5B4E60725446B5F00B7BA85 /* openpifpafiosTests.swift */ = {isa = PBXFileReference; lastKnownFileType = sourcecode.swift; path = openpifpafiosTests.swift; sourceTree = "<group>"; };
		B5B4E60925446B5F00B7BA85 /* Info.plist */ = {isa = PBXFileReference; lastKnownFileType = text.plist.xml; path = Info.plist; sourceTree = "<group>"; };
		B5B4E60E25446B5F00B7BA85 /* openpifpafiosUITests.xctest */ = {isa = PBXFileReference; explicitFileType = wrapper.cfbundle; includeInIndex = 0; path = openpifpafiosUITests.xctest; sourceTree = BUILT_PRODUCTS_DIR; };
		B5B4E61225446B5F00B7BA85 /* openpifpafiosUITests.swift */ = {isa = PBXFileReference; lastKnownFileType = sourcecode.swift; path = openpifpafiosUITests.swift; sourceTree = "<group>"; };
		B5B4E61425446B5F00B7BA85 /* Info.plist */ = {isa = PBXFileReference; lastKnownFileType = text.plist.xml; path = Info.plist; sourceTree = "<group>"; };
		B5B4E6512544DC0000B7BA85 /* CameraViewController.swift */ = {isa = PBXFileReference; lastKnownFileType = sourcecode.swift; path = CameraViewController.swift; sourceTree = "<group>"; };
/* End PBXFileReference section */

/* Begin PBXFrameworksBuildPhase section */
		B5B4E5EF25446B5E00B7BA85 /* Frameworks */ = {
			isa = PBXFrameworksBuildPhase;
			buildActionMask = 2147483647;
			files = (
			);
			runOnlyForDeploymentPostprocessing = 0;
		};
		B5B4E60025446B5F00B7BA85 /* Frameworks */ = {
			isa = PBXFrameworksBuildPhase;
			buildActionMask = 2147483647;
			files = (
			);
			runOnlyForDeploymentPostprocessing = 0;
		};
		B5B4E60B25446B5F00B7BA85 /* Frameworks */ = {
			isa = PBXFrameworksBuildPhase;
			buildActionMask = 2147483647;
			files = (
			);
			runOnlyForDeploymentPostprocessing = 0;
		};
/* End PBXFrameworksBuildPhase section */

/* Begin PBXGroup section */
		B5B4E5E925446B5E00B7BA85 = {
			isa = PBXGroup;
			children = (
				B5B4E5F425446B5E00B7BA85 /* openpifpafios */,
				B5B4E60625446B5F00B7BA85 /* openpifpafiosTests */,
				B5B4E61125446B5F00B7BA85 /* openpifpafiosUITests */,
				B5B4E5F325446B5E00B7BA85 /* Products */,
			);
			sourceTree = "<group>";
		};
		B5B4E5F325446B5E00B7BA85 /* Products */ = {
			isa = PBXGroup;
			children = (
				B5B4E5F225446B5E00B7BA85 /* openpifpafios.app */,
				B5B4E60325446B5F00B7BA85 /* openpifpafiosTests.xctest */,
				B5B4E60E25446B5F00B7BA85 /* openpifpafiosUITests.xctest */,
			);
			name = Products;
			sourceTree = "<group>";
		};
		B5B4E5F425446B5E00B7BA85 /* openpifpafios */ = {
			isa = PBXGroup;
			children = (
				B5B4E5F525446B5E00B7BA85 /* openpifpafiosApp.swift */,
				B5B4E5F725446B5E00B7BA85 /* ContentView.swift */,
				B5B4E6512544DC0000B7BA85 /* CameraViewController.swift */,
				B5B4E5F925446B5E00B7BA85 /* Assets.xcassets */,
				B5B4E5FE25446B5E00B7BA85 /* Info.plist */,
				B5B4E5FB25446B5E00B7BA85 /* Preview Content */,
			);
			path = openpifpafios;
			sourceTree = "<group>";
		};
		B5B4E5FB25446B5E00B7BA85 /* Preview Content */ = {
			isa = PBXGroup;
			children = (
				B5B4E5FC25446B5E00B7BA85 /* Preview Assets.xcassets */,
			);
			path = "Preview Content";
			sourceTree = "<group>";
		};
		B5B4E60625446B5F00B7BA85 /* openpifpafiosTests */ = {
			isa = PBXGroup;
			children = (
				B5B4E60725446B5F00B7BA85 /* openpifpafiosTests.swift */,
				B5B4E60925446B5F00B7BA85 /* Info.plist */,
			);
			path = openpifpafiosTests;
			sourceTree = "<group>";
		};
		B5B4E61125446B5F00B7BA85 /* openpifpafiosUITests */ = {
			isa = PBXGroup;
			children = (
				B5B4E61225446B5F00B7BA85 /* openpifpafiosUITests.swift */,
				B5B4E61425446B5F00B7BA85 /* Info.plist */,
			);
			path = openpifpafiosUITests;
			sourceTree = "<group>";
		};
/* End PBXGroup section */

/* Begin PBXNativeTarget section */
		B5B4E5F125446B5E00B7BA85 /* openpifpafios */ = {
			isa = PBXNativeTarget;
			buildConfigurationList = B5B4E61725446B5F00B7BA85 /* Build configuration list for PBXNativeTarget "openpifpafios" */;
			buildPhases = (
				B5B4E5EE25446B5E00B7BA85 /* Sources */,
				B5B4E5EF25446B5E00B7BA85 /* Frameworks */,
				B5B4E5F025446B5E00B7BA85 /* Resources */,
			);
			buildRules = (
			);
			dependencies = (
			);
			name = openpifpafios;
			productName = openpifpafios;
			productReference = B5B4E5F225446B5E00B7BA85 /* openpifpafios.app */;
			productType = "com.apple.product-type.application";
		};
		B5B4E60225446B5F00B7BA85 /* openpifpafiosTests */ = {
			isa = PBXNativeTarget;
			buildConfigurationList = B5B4E61A25446B5F00B7BA85 /* Build configuration list for PBXNativeTarget "openpifpafiosTests" */;
			buildPhases = (
				B5B4E5FF25446B5F00B7BA85 /* Sources */,
				B5B4E60025446B5F00B7BA85 /* Frameworks */,
				B5B4E60125446B5F00B7BA85 /* Resources */,
			);
			buildRules = (
			);
			dependencies = (
				B5B4E60525446B5F00B7BA85 /* PBXTargetDependency */,
			);
			name = openpifpafiosTests;
			productName = openpifpafiosTests;
			productReference = B5B4E60325446B5F00B7BA85 /* openpifpafiosTests.xctest */;
			productType = "com.apple.product-type.bundle.unit-test";
		};
		B5B4E60D25446B5F00B7BA85 /* openpifpafiosUITests */ = {
			isa = PBXNativeTarget;
			buildConfigurationList = B5B4E61D25446B5F00B7BA85 /* Build configuration list for PBXNativeTarget "openpifpafiosUITests" */;
			buildPhases = (
				B5B4E60A25446B5F00B7BA85 /* Sources */,
				B5B4E60B25446B5F00B7BA85 /* Frameworks */,
				B5B4E60C25446B5F00B7BA85 /* Resources */,
			);
			buildRules = (
			);
			dependencies = (
				B5B4E61025446B5F00B7BA85 /* PBXTargetDependency */,
			);
			name = openpifpafiosUITests;
			productName = openpifpafiosUITests;
			productReference = B5B4E60E25446B5F00B7BA85 /* openpifpafiosUITests.xctest */;
			productType = "com.apple.product-type.bundle.ui-testing";
		};
/* End PBXNativeTarget section */

/* Begin PBXProject section */
		B5B4E5EA25446B5E00B7BA85 /* Project object */ = {
			isa = PBXProject;
			attributes = {
				LastSwiftUpdateCheck = 1210;
				LastUpgradeCheck = 1210;
				TargetAttributes = {
					B5B4E5F125446B5E00B7BA85 = {
						CreatedOnToolsVersion = 12.1;
					};
					B5B4E60225446B5F00B7BA85 = {
						CreatedOnToolsVersion = 12.1;
						TestTargetID = B5B4E5F125446B5E00B7BA85;
					};
					B5B4E60D25446B5F00B7BA85 = {
						CreatedOnToolsVersion = 12.1;
						TestTargetID = B5B4E5F125446B5E00B7BA85;
					};
				};
			};
			buildConfigurationList = B5B4E5ED25446B5E00B7BA85 /* Build configuration list for PBXProject "openpifpafios" */;
			compatibilityVersion = "Xcode 9.3";
			developmentRegion = en;
			hasScannedForEncodings = 0;
			knownRegions = (
				en,
				Base,
			);
			mainGroup = B5B4E5E925446B5E00B7BA85;
			productRefGroup = B5B4E5F325446B5E00B7BA85 /* Products */;
			projectDirPath = "";
			projectRoot = "";
			targets = (
				B5B4E5F125446B5E00B7BA85 /* openpifpafios */,
				B5B4E60225446B5F00B7BA85 /* openpifpafiosTests */,
				B5B4E60D25446B5F00B7BA85 /* openpifpafiosUITests */,
			);
		};
/* End PBXProject section */

/* Begin PBXResourcesBuildPhase section */
		B5B4E5F025446B5E00B7BA85 /* Resources */ = {
			isa = PBXResourcesBuildPhase;
			buildActionMask = 2147483647;
			files = (
				B5B4E5FD25446B5E00B7BA85 /* Preview Assets.xcassets in Resources */,
				B5B4E5FA25446B5E00B7BA85 /* Assets.xcassets in Resources */,
			);
			runOnlyForDeploymentPostprocessing = 0;
		};
		B5B4E60125446B5F00B7BA85 /* Resources */ = {
			isa = PBXResourcesBuildPhase;
			buildActionMask = 2147483647;
			files = (
			);
			runOnlyForDeploymentPostprocessing = 0;
		};
		B5B4E60C25446B5F00B7BA85 /* Resources */ = {
			isa = PBXResourcesBuildPhase;
			buildActionMask = 2147483647;
			files = (
			);
			runOnlyForDeploymentPostprocessing = 0;
		};
/* End PBXResourcesBuildPhase section */

/* Begin PBXSourcesBuildPhase section */
		B5B4E5EE25446B5E00B7BA85 /* Sources */ = {
			isa = PBXSourcesBuildPhase;
			buildActionMask = 2147483647;
			files = (
				B5B4E5F825446B5E00B7BA85 /* ContentView.swift in Sources */,
				B5B4E5F625446B5E00B7BA85 /* openpifpafiosApp.swift in Sources */,
				B5B4E6522544DC0000B7BA85 /* CameraViewController.swift in Sources */,
			);
			runOnlyForDeploymentPostprocessing = 0;
		};
		B5B4E5FF25446B5F00B7BA85 /* Sources */ = {
			isa = PBXSourcesBuildPhase;
			buildActionMask = 2147483647;
			files = (
				B5B4E60825446B5F00B7BA85 /* openpifpafiosTests.swift in Sources */,
			);
			runOnlyForDeploymentPostprocessing = 0;
		};
		B5B4E60A25446B5F00B7BA85 /* Sources */ = {
			isa = PBXSourcesBuildPhase;
			buildActionMask = 2147483647;
			files = (
				B5B4E61325446B5F00B7BA85 /* openpifpafiosUITests.swift in Sources */,
			);
			runOnlyForDeploymentPostprocessing = 0;
		};
/* End PBXSourcesBuildPhase section */

/* Begin PBXTargetDependency section */
		B5B4E60525446B5F00B7BA85 /* PBXTargetDependency */ = {
			isa = PBXTargetDependency;
			target = B5B4E5F125446B5E00B7BA85 /* openpifpafios */;
			targetProxy = B5B4E60425446B5F00B7BA85 /* PBXContainerItemProxy */;
		};
		B5B4E61025446B5F00B7BA85 /* PBXTargetDependency */ = {
			isa = PBXTargetDependency;
			target = B5B4E5F125446B5E00B7BA85 /* openpifpafios */;
			targetProxy = B5B4E60F25446B5F00B7BA85 /* PBXContainerItemProxy */;
		};
/* End PBXTargetDependency section */

/* Begin XCBuildConfiguration section */
		B5B4E61525446B5F00B7BA85 /* Debug */ = {
			isa = XCBuildConfiguration;
			buildSettings = {
				ALWAYS_SEARCH_USER_PATHS = NO;
				CLANG_ANALYZER_NONNULL = YES;
				CLANG_ANALYZER_NUMBER_OBJECT_CONVERSION = YES_AGGRESSIVE;
				CLANG_CXX_LANGUAGE_STANDARD = "gnu++14";
				CLANG_CXX_LIBRARY = "libc++";
				CLANG_ENABLE_MODULES = YES;
				CLANG_ENABLE_OBJC_ARC = YES;
				CLANG_ENABLE_OBJC_WEAK = YES;
				CLANG_WARN_BLOCK_CAPTURE_AUTORELEASING = YES;
				CLANG_WARN_BOOL_CONVERSION = YES;
				CLANG_WARN_COMMA = YES;
				CLANG_WARN_CONSTANT_CONVERSION = YES;
				CLANG_WARN_DEPRECATED_OBJC_IMPLEMENTATIONS = YES;
				CLANG_WARN_DIRECT_OBJC_ISA_USAGE = YES_ERROR;
				CLANG_WARN_DOCUMENTATION_COMMENTS = YES;
				CLANG_WARN_EMPTY_BODY = YES;
				CLANG_WARN_ENUM_CONVERSION = YES;
				CLANG_WARN_INFINITE_RECURSION = YES;
				CLANG_WARN_INT_CONVERSION = YES;
				CLANG_WARN_NON_LITERAL_NULL_CONVERSION = YES;
				CLANG_WARN_OBJC_IMPLICIT_RETAIN_SELF = YES;
				CLANG_WARN_OBJC_LITERAL_CONVERSION = YES;
				CLANG_WARN_OBJC_ROOT_CLASS = YES_ERROR;
				CLANG_WARN_QUOTED_INCLUDE_IN_FRAMEWORK_HEADER = YES;
				CLANG_WARN_RANGE_LOOP_ANALYSIS = YES;
				CLANG_WARN_STRICT_PROTOTYPES = YES;
				CLANG_WARN_SUSPICIOUS_MOVE = YES;
				CLANG_WARN_UNGUARDED_AVAILABILITY = YES_AGGRESSIVE;
				CLANG_WARN_UNREACHABLE_CODE = YES;
				CLANG_WARN__DUPLICATE_METHOD_MATCH = YES;
				COPY_PHASE_STRIP = NO;
				DEBUG_INFORMATION_FORMAT = dwarf;
				ENABLE_STRICT_OBJC_MSGSEND = YES;
				ENABLE_TESTABILITY = YES;
				GCC_C_LANGUAGE_STANDARD = gnu11;
				GCC_DYNAMIC_NO_PIC = NO;
				GCC_NO_COMMON_BLOCKS = YES;
				GCC_OPTIMIZATION_LEVEL = 0;
				GCC_PREPROCESSOR_DEFINITIONS = (
					"DEBUG=1",
					"$(inherited)",
				);
				GCC_WARN_64_TO_32_BIT_CONVERSION = YES;
				GCC_WARN_ABOUT_RETURN_TYPE = YES_ERROR;
				GCC_WARN_UNDECLARED_SELECTOR = YES;
				GCC_WARN_UNINITIALIZED_AUTOS = YES_AGGRESSIVE;
				GCC_WARN_UNUSED_FUNCTION = YES;
				GCC_WARN_UNUSED_VARIABLE = YES;
				IPHONEOS_DEPLOYMENT_TARGET = 14.1;
				MTL_ENABLE_DEBUG_INFO = INCLUDE_SOURCE;
				MTL_FAST_MATH = YES;
				ONLY_ACTIVE_ARCH = YES;
				SDKROOT = iphoneos;
				SWIFT_ACTIVE_COMPILATION_CONDITIONS = DEBUG;
				SWIFT_OPTIMIZATION_LEVEL = "-Onone";
			};
			name = Debug;
		};
		B5B4E61625446B5F00B7BA85 /* Release */ = {
			isa = XCBuildConfiguration;
			buildSettings = {
				ALWAYS_SEARCH_USER_PATHS = NO;
				CLANG_ANALYZER_NONNULL = YES;
				CLANG_ANALYZER_NUMBER_OBJECT_CONVERSION = YES_AGGRESSIVE;
				CLANG_CXX_LANGUAGE_STANDARD = "gnu++14";
				CLANG_CXX_LIBRARY = "libc++";
				CLANG_ENABLE_MODULES = YES;
				CLANG_ENABLE_OBJC_ARC = YES;
				CLANG_ENABLE_OBJC_WEAK = YES;
				CLANG_WARN_BLOCK_CAPTURE_AUTORELEASING = YES;
				CLANG_WARN_BOOL_CONVERSION = YES;
				CLANG_WARN_COMMA = YES;
				CLANG_WARN_CONSTANT_CONVERSION = YES;
				CLANG_WARN_DEPRECATED_OBJC_IMPLEMENTATIONS = YES;
				CLANG_WARN_DIRECT_OBJC_ISA_USAGE = YES_ERROR;
				CLANG_WARN_DOCUMENTATION_COMMENTS = YES;
				CLANG_WARN_EMPTY_BODY = YES;
				CLANG_WARN_ENUM_CONVERSION = YES;
				CLANG_WARN_INFINITE_RECURSION = YES;
				CLANG_WARN_INT_CONVERSION = YES;
				CLANG_WARN_NON_LITERAL_NULL_CONVERSION = YES;
				CLANG_WARN_OBJC_IMPLICIT_RETAIN_SELF = YES;
				CLANG_WARN_OBJC_LITERAL_CONVERSION = YES;
				CLANG_WARN_OBJC_ROOT_CLASS = YES_ERROR;
				CLANG_WARN_QUOTED_INCLUDE_IN_FRAMEWORK_HEADER = YES;
				CLANG_WARN_RANGE_LOOP_ANALYSIS = YES;
				CLANG_WARN_STRICT_PROTOTYPES = YES;
				CLANG_WARN_SUSPICIOUS_MOVE = YES;
				CLANG_WARN_UNGUARDED_AVAILABILITY = YES_AGGRESSIVE;
				CLANG_WARN_UNREACHABLE_CODE = YES;
				CLANG_WARN__DUPLICATE_METHOD_MATCH = YES;
				COPY_PHASE_STRIP = NO;
				DEBUG_INFORMATION_FORMAT = "dwarf-with-dsym";
				ENABLE_NS_ASSERTIONS = NO;
				ENABLE_STRICT_OBJC_MSGSEND = YES;
				GCC_C_LANGUAGE_STANDARD = gnu11;
				GCC_NO_COMMON_BLOCKS = YES;
				GCC_WARN_64_TO_32_BIT_CONVERSION = YES;
				GCC_WARN_ABOUT_RETURN_TYPE = YES_ERROR;
				GCC_WARN_UNDECLARED_SELECTOR = YES;
				GCC_WARN_UNINITIALIZED_AUTOS = YES_AGGRESSIVE;
				GCC_WARN_UNUSED_FUNCTION = YES;
				GCC_WARN_UNUSED_VARIABLE = YES;
				IPHONEOS_DEPLOYMENT_TARGET = 14.1;
				MTL_ENABLE_DEBUG_INFO = NO;
				MTL_FAST_MATH = YES;
				SDKROOT = iphoneos;
				SWIFT_COMPILATION_MODE = wholemodule;
				SWIFT_OPTIMIZATION_LEVEL = "-O";
				VALIDATE_PRODUCT = YES;
			};
			name = Release;
		};
		B5B4E61825446B5F00B7BA85 /* Debug */ = {
			isa = XCBuildConfiguration;
			buildSettings = {
				ASSETCATALOG_COMPILER_APPICON_NAME = AppIcon;
				ASSETCATALOG_COMPILER_GLOBAL_ACCENT_COLOR_NAME = AccentColor;
				CODE_SIGN_STYLE = Automatic;
				DEVELOPMENT_ASSET_PATHS = "\"openpifpafios/Preview Content\"";
				DEVELOPMENT_TEAM = UCRXZ4P49M;
				ENABLE_PREVIEWS = YES;
				INFOPLIST_FILE = openpifpafios/Info.plist;
				IPHONEOS_DEPLOYMENT_TARGET = 14.0;
				LD_RUNPATH_SEARCH_PATHS = (
					"$(inherited)",
					"@executable_path/Frameworks",
				);
				PRODUCT_BUNDLE_IDENTIFIER = com.svenkreiss.openpifpafios;
				PRODUCT_NAME = "$(TARGET_NAME)";
				SWIFT_VERSION = 5.0;
				TARGETED_DEVICE_FAMILY = "1,2";
			};
			name = Debug;
		};
		B5B4E61925446B5F00B7BA85 /* Release */ = {
			isa = XCBuildConfiguration;
			buildSettings = {
				ASSETCATALOG_COMPILER_APPICON_NAME = AppIcon;
				ASSETCATALOG_COMPILER_GLOBAL_ACCENT_COLOR_NAME = AccentColor;
				CODE_SIGN_STYLE = Automatic;
				DEVELOPMENT_ASSET_PATHS = "\"openpifpafios/Preview Content\"";
				DEVELOPMENT_TEAM = UCRXZ4P49M;
				ENABLE_PREVIEWS = YES;
				INFOPLIST_FILE = openpifpafios/Info.plist;
				IPHONEOS_DEPLOYMENT_TARGET = 14.0;
				LD_RUNPATH_SEARCH_PATHS = (
					"$(inherited)",
					"@executable_path/Frameworks",
				);
				PRODUCT_BUNDLE_IDENTIFIER = com.svenkreiss.openpifpafios;
				PRODUCT_NAME = "$(TARGET_NAME)";
				SWIFT_VERSION = 5.0;
				TARGETED_DEVICE_FAMILY = "1,2";
			};
			name = Release;
		};
		B5B4E61B25446B5F00B7BA85 /* Debug */ = {
			isa = XCBuildConfiguration;
			buildSettings = {
				ALWAYS_EMBED_SWIFT_STANDARD_LIBRARIES = YES;
				BUNDLE_LOADER = "$(TEST_HOST)";
				CODE_SIGN_STYLE = Automatic;
				DEVELOPMENT_TEAM = UCRXZ4P49M;
				INFOPLIST_FILE = openpifpafiosTests/Info.plist;
				IPHONEOS_DEPLOYMENT_TARGET = 14.0;
				LD_RUNPATH_SEARCH_PATHS = (
					"$(inherited)",
					"@executable_path/Frameworks",
					"@loader_path/Frameworks",
				);
				PRODUCT_BUNDLE_IDENTIFIER = com.svenkreiss.openpifpafiosTests;
				PRODUCT_NAME = "$(TARGET_NAME)";
				SWIFT_VERSION = 5.0;
				TARGETED_DEVICE_FAMILY = "1,2";
				TEST_HOST = "$(BUILT_PRODUCTS_DIR)/openpifpafios.app/openpifpafios";
			};
			name = Debug;
		};
		B5B4E61C25446B5F00B7BA85 /* Release */ = {
			isa = XCBuildConfiguration;
			buildSettings = {
				ALWAYS_EMBED_SWIFT_STANDARD_LIBRARIES = YES;
				BUNDLE_LOADER = "$(TEST_HOST)";
				CODE_SIGN_STYLE = Automatic;
				DEVELOPMENT_TEAM = UCRXZ4P49M;
				INFOPLIST_FILE = openpifpafiosTests/Info.plist;
				IPHONEOS_DEPLOYMENT_TARGET = 14.0;
				LD_RUNPATH_SEARCH_PATHS = (
					"$(inherited)",
					"@executable_path/Frameworks",
					"@loader_path/Frameworks",
				);
				PRODUCT_BUNDLE_IDENTIFIER = com.svenkreiss.openpifpafiosTests;
				PRODUCT_NAME = "$(TARGET_NAME)";
				SWIFT_VERSION = 5.0;
				TARGETED_DEVICE_FAMILY = "1,2";
				TEST_HOST = "$(BUILT_PRODUCTS_DIR)/openpifpafios.app/openpifpafios";
			};
			name = Release;
		};
		B5B4E61E25446B5F00B7BA85 /* Debug */ = {
			isa = XCBuildConfiguration;
			buildSettings = {
				ALWAYS_EMBED_SWIFT_STANDARD_LIBRARIES = YES;
				CODE_SIGN_STYLE = Automatic;
				DEVELOPMENT_TEAM = UCRXZ4P49M;
				INFOPLIST_FILE = openpifpafiosUITests/Info.plist;
				LD_RUNPATH_SEARCH_PATHS = (
					"$(inherited)",
					"@executable_path/Frameworks",
					"@loader_path/Frameworks",
				);
				PRODUCT_BUNDLE_IDENTIFIER = com.svenkreiss.openpifpafiosUITests;
				PRODUCT_NAME = "$(TARGET_NAME)";
				SWIFT_VERSION = 5.0;
				TARGETED_DEVICE_FAMILY = "1,2";
				TEST_TARGET_NAME = openpifpafios;
			};
			name = Debug;
		};
		B5B4E61F25446B5F00B7BA85 /* Release */ = {
			isa = XCBuildConfiguration;
			buildSettings = {
				ALWAYS_EMBED_SWIFT_STANDARD_LIBRARIES = YES;
				CODE_SIGN_STYLE = Automatic;
				DEVELOPMENT_TEAM = UCRXZ4P49M;
				INFOPLIST_FILE = openpifpafiosUITests/Info.plist;
				LD_RUNPATH_SEARCH_PATHS = (
					"$(inherited)",
					"@executable_path/Frameworks",
					"@loader_path/Frameworks",
				);
				PRODUCT_BUNDLE_IDENTIFIER = com.svenkreiss.openpifpafiosUITests;
				PRODUCT_NAME = "$(TARGET_NAME)";
				SWIFT_VERSION = 5.0;
				TARGETED_DEVICE_FAMILY = "1,2";
				TEST_TARGET_NAME = openpifpafios;
			};
			name = Release;
		};
/* End XCBuildConfiguration section */

/* Begin XCConfigurationList section */
		B5B4E5ED25446B5E00B7BA85 /* Build configuration list for PBXProject "openpifpafios" */ = {
			isa = XCConfigurationList;
			buildConfigurations = (
				B5B4E61525446B5F00B7BA85 /* Debug */,
				B5B4E61625446B5F00B7BA85 /* Release */,
			);
			defaultConfigurationIsVisible = 0;
			defaultConfigurationName = Release;
		};
		B5B4E61725446B5F00B7BA85 /* Build configuration list for PBXNativeTarget "openpifpafios" */ = {
			isa = XCConfigurationList;
			buildConfigurations = (
				B5B4E61825446B5F00B7BA85 /* Debug */,
				B5B4E61925446B5F00B7BA85 /* Release */,
			);
			defaultConfigurationIsVisible = 0;
			defaultConfigurationName = Release;
		};
		B5B4E61A25446B5F00B7BA85 /* Build configuration list for PBXNativeTarget "openpifpafiosTests" */ = {
			isa = XCConfigurationList;
			buildConfigurations = (
				B5B4E61B25446B5F00B7BA85 /* Debug */,
				B5B4E61C25446B5F00B7BA85 /* Release */,
			);
			defaultConfigurationIsVisible = 0;
			defaultConfigurationName = Release;
		};
		B5B4E61D25446B5F00B7BA85 /* Build configuration list for PBXNativeTarget "openpifpafiosUITests" */ = {
			isa = XCConfigurationList;
			buildConfigurations = (
				B5B4E61E25446B5F00B7BA85 /* Debug */,
				B5B4E61F25446B5F00B7BA85 /* Release */,
			);
			defaultConfigurationIsVisible = 0;
			defaultConfigurationName = Release;
		};
/* End XCConfigurationList section */
	};
	rootObject = B5B4E5EA25446B5E00B7BA85 /* Project object */;
}
